// !$*UTF8*$!
{
	archiveVersion = 1;
	classes = {
	};
	objectVersion = 56;
	objects = {

/* Begin PBXBuildFile section */
		1A44DE0842FF4231B781AB4D /* ShitHeadTests.swift in Sources */ = {isa = PBXBuildFile; fileRef = 3A4CEEAFD425E18CA103EBE5 /* ShitHeadTests.swift */; };
		1A4ECFD93C3FEA55B967E8A6 /* ShitHeadApp.swift in Sources */ = {isa = PBXBuildFile; fileRef = 9706A35B45813D7886770A54 /* ShitHeadApp.swift */; };
		AA000001AA000001AA000001 /* Card.swift in Sources */ = {isa = PBXBuildFile; fileRef = AA000002AA000002AA000002 /* Card.swift */; };
		AA000003AA000003AA000003 /* GameState.swift in Sources */ = {isa = PBXBuildFile; fileRef = AA000004AA000004AA000004 /* GameState.swift */; };
		AA000005AA000005AA000005 /* CardTests.swift in Sources */ = {isa = PBXBuildFile; fileRef = AA000006AA000006AA000006 /* CardTests.swift */; };
		AA000010AA000010AA000010 /* RuleValidator.swift in Sources */ = {isa = PBXBuildFile; fileRef = AA000011AA000011AA000011 /* RuleValidator.swift */; };
		AA000012AA000012AA000012 /* GameEngine.swift in Sources */ = {isa = PBXBuildFile; fileRef = AA000013AA000013AA000013 /* GameEngine.swift */; };
		AA000014AA000014AA000014 /* RuleValidatorTests.swift in Sources */ = {isa = PBXBuildFile; fileRef = AA000015AA000015AA000015 /* RuleValidatorTests.swift */; };
		AA000016AA000016AA000016 /* GameEngineTests.swift in Sources */ = {isa = PBXBuildFile; fileRef = AA000017AA000017AA000017 /* GameEngineTests.swift */; };
		AA000020AA000020AA000020 /* PlayerProtocol.swift in Sources */ = {isa = PBXBuildFile; fileRef = AA000021AA000021AA000021 /* PlayerProtocol.swift */; };
		AA000022AA000022AA000022 /* EasyAIPlayer.swift in Sources */ = {isa = PBXBuildFile; fileRef = AA000023AA000023AA000023 /* EasyAIPlayer.swift */; };
		AA000024AA000024AA000024 /* HardAIPlayer.swift in Sources */ = {isa = PBXBuildFile; fileRef = AA000025AA000025AA000025 /* HardAIPlayer.swift */; };
		AA000026AA000026AA000026 /* GamePersistence.swift in Sources */ = {isa = PBXBuildFile; fileRef = AA000027AA000027AA000027 /* GamePersistence.swift */; };
		AA000028AA000028AA000028 /* AIPlayerTests.swift in Sources */ = {isa = PBXBuildFile; fileRef = AA000029AA000029AA000029 /* AIPlayerTests.swift */; };
		AA000040AA000040AA000040 /* GameViewModel.swift in Sources */ = {isa = PBXBuildFile; fileRef = AA000041AA000041AA000041 /* GameViewModel.swift */; };
		AA000042AA000042AA000042 /* CardView.swift in Sources */ = {isa = PBXBuildFile; fileRef = AA000043AA000043AA000043 /* CardView.swift */; };
		AA000044AA000044AA000044 /* HomeView.swift in Sources */ = {isa = PBXBuildFile; fileRef = AA000045AA000045AA000045 /* HomeView.swift */; };
		AA000046AA000046AA000046 /* SetupView.swift in Sources */ = {isa = PBXBuildFile; fileRef = AA000047AA000047AA000047 /* SetupView.swift */; };
		AA000048AA000048AA000048 /* GameView.swift in Sources */ = {isa = PBXBuildFile; fileRef = AA000049AA000049AA000049 /* GameView.swift */; };
		AA000050AA000050AA000050 /* GameOverView.swift in Sources */ = {isa = PBXBuildFile; fileRef = AA000051AA000051AA000051 /* GameOverView.swift */; };
		BB000060BB000060BB000060 /* DesignSystem.swift in Sources */ = {isa = PBXBuildFile; fileRef = BB000061BB000061BB000061 /* DesignSystem.swift */; };
		CC000030CC000030CC000030 /* InstructionsView.swift in Sources */ = {isa = PBXBuildFile; fileRef = CC000031CC000031CC000031 /* InstructionsView.swift */; };
		CC000032CC000032CC000032 /* SplashView.swift in Sources */ = {isa = PBXBuildFile; fileRef = CC000033CC000033CC000033 /* SplashView.swift */; };
		CC000034CC000034CC000034 /* PrivacyInfo.xcprivacy in Resources */ = {isa = PBXBuildFile; fileRef = CC000035CC000035CC000035 /* PrivacyInfo.xcprivacy */; };
		CC000036CC000036CC000036 /* SheetHead.entitlements in Resources */ = {isa = PBXBuildFile; fileRef = CC000037CC000037CC000037 /* SheetHead.entitlements */; };
		CC000010CC000010CC000010 /* ShipporiMincho-Bold.ttf in Resources */ = {isa = PBXBuildFile; fileRef = CC000011CC000011CC000011 /* ShipporiMincho-Bold.ttf */; };
		CC000012CC000012CC000012 /* ShipporiMincho-ExtraBold.ttf in Resources */ = {isa = PBXBuildFile; fileRef = CC000013CC000013CC000013 /* ShipporiMincho-ExtraBold.ttf */; };
		CC000014CC000014CC000014 /* ZenKakuGothicNew-Regular.ttf in Resources */ = {isa = PBXBuildFile; fileRef = CC000015CC000015CC000015 /* ZenKakuGothicNew-Regular.ttf */; };
		CC000016CC000016CC000016 /* ZenKakuGothicNew-Bold.ttf in Resources */ = {isa = PBXBuildFile; fileRef = CC000017CC000017CC000017 /* ZenKakuGothicNew-Bold.ttf */; };
		CC000018CC000018CC000018 /* NotoSerifJP-Black.ttf in Resources */ = {isa = PBXBuildFile; fileRef = CC000019CC000019CC000019 /* NotoSerifJP-Black.ttf */; };
		CC000001CC000001CC000001 /* Assets.xcassets in Resources */ = {isa = PBXBuildFile; fileRef = CC000002CC000002CC000002 /* Assets.xcassets */; };
		DD000002DD000002DD000002 /* SoundManager.swift in Sources */ = {isa = PBXBuildFile; fileRef = DD000001DD000001DD000001 /* SoundManager.swift */; };
		DD000004DD000004DD000004 /* UserPreferences.swift in Sources */ = {isa = PBXBuildFile; fileRef = DD000003DD000003DD000003 /* UserPreferences.swift */; };
		DD000006DD000006DD000006 /* SettingsView.swift in Sources */ = {isa = PBXBuildFile; fileRef = DD000005DD000005DD000005 /* SettingsView.swift */; };
		DD000011DD000011DD000011 /* bgm_ambient.mp3 in Resources */ = {isa = PBXBuildFile; fileRef = DD000010DD000010DD000010 /* bgm_ambient.mp3 */; };
		DD000013DD000013DD000013 /* sfx_card_play.mp3 in Resources */ = {isa = PBXBuildFile; fileRef = DD000012DD000012DD000012 /* sfx_card_play.mp3 */; };
		DD000015DD000015DD000015 /* sfx_card_flip.mp3 in Resources */ = {isa = PBXBuildFile; fileRef = DD000014DD000014DD000014 /* sfx_card_flip.mp3 */; };
		DD000017DD000017DD000017 /* sfx_card_pickup.mp3 in Resources */ = {isa = PBXBuildFile; fileRef = DD000016DD000016DD000016 /* sfx_card_pickup.mp3 */; };
		DD000019DD000019DD000019 /* sfx_burn.mp3 in Resources */ = {isa = PBXBuildFile; fileRef = DD000018DD000018DD000018 /* sfx_burn.mp3 */; };
		DD000021DD000021DD000021 /* sfx_skip.mp3 in Resources */ = {isa = PBXBuildFile; fileRef = DD000020DD000020DD000020 /* sfx_skip.mp3 */; };
		DD000023DD000023DD000023 /* sfx_reversal.mp3 in Resources */ = {isa = PBXBuildFile; fileRef = DD000022DD000022DD000022 /* sfx_reversal.mp3 */; };
		DD000025DD000025DD000025 /* sfx_shuffle.mp3 in Resources */ = {isa = PBXBuildFile; fileRef = DD000024DD000024DD000024 /* sfx_shuffle.mp3 */; };
		DD000027DD000027DD000027 /* sfx_win.mp3 in Resources */ = {isa = PBXBuildFile; fileRef = DD000026DD000026DD000026 /* sfx_win.mp3 */; };
		DD000029DD000029DD000029 /* sfx_lose.mp3 in Resources */ = {isa = PBXBuildFile; fileRef = DD000028DD000028DD000028 /* sfx_lose.mp3 */; };
/* End PBXBuildFile section */

/* Begin PBXContainerItemProxy section */
		01895246B1CC30A90CAFBF65 /* PBXContainerItemProxy */ = {
			isa = PBXContainerItemProxy;
			containerPortal = 678C7DB806E86F28F0B2AFD0 /* Project object */;
			proxyType = 1;
			remoteGlobalIDString = E9B416FF01B81ECE8580F1A7;
			remoteInfo = ShitHead;
		};
/* End PBXContainerItemProxy section */

/* Begin PBXFileReference section */
		3A4CEEAFD425E18CA103EBE5 /* ShitHeadTests.swift */ = {isa = PBXFileReference; lastKnownFileType = sourcecode.swift; path = ShitHeadTests.swift; sourceTree = "<group>"; };
		7B866BB1A01F44B9C7CA81A1 /* Info.plist */ = {isa = PBXFileReference; lastKnownFileType = text.plist; path = Info.plist; sourceTree = "<group>"; };
		9706A35B45813D7886770A54 /* ShitHeadApp.swift */ = {isa = PBXFileReference; lastKnownFileType = sourcecode.swift; path = ShitHeadApp.swift; sourceTree = "<group>"; };
		9D9378DCA61CC42A1E8B9D4A /* ShitHead.app */ = {isa = PBXFileReference; explicitFileType = wrapper.application; includeInIndex = 0; path = ShitHead.app; sourceTree = BUILT_PRODUCTS_DIR; };
		AA000002AA000002AA000002 /* Card.swift */ = {isa = PBXFileReference; lastKnownFileType = sourcecode.swift; path = Card.swift; sourceTree = "<group>"; };
		AA000004AA000004AA000004 /* GameState.swift */ = {isa = PBXFileReference; lastKnownFileType = sourcecode.swift; path = GameState.swift; sourceTree = "<group>"; };
		AA000006AA000006AA000006 /* CardTests.swift */ = {isa = PBXFileReference; lastKnownFileType = sourcecode.swift; path = CardTests.swift; sourceTree = "<group>"; };
		AA000011AA000011AA000011 /* RuleValidator.swift */ = {isa = PBXFileReference; lastKnownFileType = sourcecode.swift; path = RuleValidator.swift; sourceTree = "<group>"; };
		AA000013AA000013AA000013 /* GameEngine.swift */ = {isa = PBXFileReference; lastKnownFileType = sourcecode.swift; path = GameEngine.swift; sourceTree = "<group>"; };
		AA000015AA000015AA000015 /* RuleValidatorTests.swift */ = {isa = PBXFileReference; lastKnownFileType = sourcecode.swift; path = RuleValidatorTests.swift; sourceTree = "<group>"; };
		AA000017AA000017AA000017 /* GameEngineTests.swift */ = {isa = PBXFileReference; lastKnownFileType = sourcecode.swift; path = GameEngineTests.swift; sourceTree = "<group>"; };
		AA000021AA000021AA000021 /* PlayerProtocol.swift */ = {isa = PBXFileReference; lastKnownFileType = sourcecode.swift; path = PlayerProtocol.swift; sourceTree = "<group>"; };
		AA000023AA000023AA000023 /* EasyAIPlayer.swift */ = {isa = PBXFileReference; lastKnownFileType = sourcecode.swift; path = EasyAIPlayer.swift; sourceTree = "<group>"; };
		AA000025AA000025AA000025 /* HardAIPlayer.swift */ = {isa = PBXFileReference; lastKnownFileType = sourcecode.swift; path = HardAIPlayer.swift; sourceTree = "<group>"; };
		AA000027AA000027AA000027 /* GamePersistence.swift */ = {isa = PBXFileReference; lastKnownFileType = sourcecode.swift; path = GamePersistence.swift; sourceTree = "<group>"; };
		AA000029AA000029AA000029 /* AIPlayerTests.swift */ = {isa = PBXFileReference; lastKnownFileType = sourcecode.swift; path = AIPlayerTests.swift; sourceTree = "<group>"; };
		AA000041AA000041AA000041 /* GameViewModel.swift */ = {isa = PBXFileReference; lastKnownFileType = sourcecode.swift; path = GameViewModel.swift; sourceTree = "<group>"; };
		AA000043AA000043AA000043 /* CardView.swift */ = {isa = PBXFileReference; lastKnownFileType = sourcecode.swift; path = CardView.swift; sourceTree = "<group>"; };
		AA000045AA000045AA000045 /* HomeView.swift */ = {isa = PBXFileReference; lastKnownFileType = sourcecode.swift; path = HomeView.swift; sourceTree = "<group>"; };
		AA000047AA000047AA000047 /* SetupView.swift */ = {isa = PBXFileReference; lastKnownFileType = sourcecode.swift; path = SetupView.swift; sourceTree = "<group>"; };
		AA000049AA000049AA000049 /* GameView.swift */ = {isa = PBXFileReference; lastKnownFileType = sourcecode.swift; path = GameView.swift; sourceTree = "<group>"; };
		AA000051AA000051AA000051 /* GameOverView.swift */ = {isa = PBXFileReference; lastKnownFileType = sourcecode.swift; path = GameOverView.swift; sourceTree = "<group>"; };
		BB000061BB000061BB000061 /* DesignSystem.swift */ = {isa = PBXFileReference; lastKnownFileType = sourcecode.swift; path = DesignSystem.swift; sourceTree = "<group>"; };
		CC000031CC000031CC000031 /* InstructionsView.swift */ = {isa = PBXFileReference; lastKnownFileType = sourcecode.swift; path = InstructionsView.swift; sourceTree = "<group>"; };
		CC000033CC000033CC000033 /* SplashView.swift */ = {isa = PBXFileReference; lastKnownFileType = sourcecode.swift; path = SplashView.swift; sourceTree = "<group>"; };
		CC000035CC000035CC000035 /* PrivacyInfo.xcprivacy */ = {isa = PBXFileReference; lastKnownFileType = text.xml; path = PrivacyInfo.xcprivacy; sourceTree = "<group>"; };
		CC000037CC000037CC000037 /* SheetHead.entitlements */ = {isa = PBXFileReference; lastKnownFileType = text.plist.entitlements; path = SheetHead.entitlements; sourceTree = "<group>"; };
		CC000011CC000011CC000011 /* ShipporiMincho-Bold.ttf */ = {isa = PBXFileReference; lastKnownFileType = file; path = "ShipporiMincho-Bold.ttf"; sourceTree = "<group>"; };
		CC000013CC000013CC000013 /* ShipporiMincho-ExtraBold.ttf */ = {isa = PBXFileReference; lastKnownFileType = file; path = "ShipporiMincho-ExtraBold.ttf"; sourceTree = "<group>"; };
		CC000015CC000015CC000015 /* ZenKakuGothicNew-Regular.ttf */ = {isa = PBXFileReference; lastKnownFileType = file; path = "ZenKakuGothicNew-Regular.ttf"; sourceTree = "<group>"; };
		CC000017CC000017CC000017 /* ZenKakuGothicNew-Bold.ttf */ = {isa = PBXFileReference; lastKnownFileType = file; path = "ZenKakuGothicNew-Bold.ttf"; sourceTree = "<group>"; };
		CC000019CC000019CC000019 /* NotoSerifJP-Black.ttf */ = {isa = PBXFileReference; lastKnownFileType = file; path = "NotoSerifJP-Black.ttf"; sourceTree = "<group>"; };
		CC000002CC000002CC000002 /* Assets.xcassets */ = {isa = PBXFileReference; lastKnownFileType = folder.assetcatalog; path = Assets.xcassets; sourceTree = "<group>"; };
		D13D3E0C41EAA7F7C54D9E5A /* ShitHeadTests.xctest */ = {isa = PBXFileReference; includeInIndex = 0; lastKnownFileType = wrapper.cfbundle; path = ShitHeadTests.xctest; sourceTree = BUILT_PRODUCTS_DIR; };
		DD000001DD000001DD000001 /* SoundManager.swift */ = {isa = PBXFileReference; lastKnownFileType = sourcecode.swift; path = SoundManager.swift; sourceTree = "<group>"; };
		DD000003DD000003DD000003 /* UserPreferences.swift */ = {isa = PBXFileReference; lastKnownFileType = sourcecode.swift; path = UserPreferences.swift; sourceTree = "<group>"; };
		DD000005DD000005DD000005 /* SettingsView.swift */ = {isa = PBXFileReference; lastKnownFileType = sourcecode.swift; path = SettingsView.swift; sourceTree = "<group>"; };
		DD000010DD000010DD000010 /* bgm_ambient.mp3 */ = {isa = PBXFileReference; lastKnownFileType = audio.mp3; path = bgm_ambient.mp3; sourceTree = "<group>"; };
		DD000012DD000012DD000012 /* sfx_card_play.mp3 */ = {isa = PBXFileReference; lastKnownFileType = audio.mp3; path = sfx_card_play.mp3; sourceTree = "<group>"; };
		DD000014DD000014DD000014 /* sfx_card_flip.mp3 */ = {isa = PBXFileReference; lastKnownFileType = audio.mp3; path = sfx_card_flip.mp3; sourceTree = "<group>"; };
		DD000016DD000016DD000016 /* sfx_card_pickup.mp3 */ = {isa = PBXFileReference; lastKnownFileType = audio.mp3; path = sfx_card_pickup.mp3; sourceTree = "<group>"; };
		DD000018DD000018DD000018 /* sfx_burn.mp3 */ = {isa = PBXFileReference; lastKnownFileType = audio.mp3; path = sfx_burn.mp3; sourceTree = "<group>"; };
		DD000020DD000020DD000020 /* sfx_skip.mp3 */ = {isa = PBXFileReference; lastKnownFileType = audio.mp3; path = sfx_skip.mp3; sourceTree = "<group>"; };
		DD000022DD000022DD000022 /* sfx_reversal.mp3 */ = {isa = PBXFileReference; lastKnownFileType = audio.mp3; path = sfx_reversal.mp3; sourceTree = "<group>"; };
		DD000024DD000024DD000024 /* sfx_shuffle.mp3 */ = {isa = PBXFileReference; lastKnownFileType = audio.mp3; path = sfx_shuffle.mp3; sourceTree = "<group>"; };
		DD000026DD000026DD000026 /* sfx_win.mp3 */ = {isa = PBXFileReference; lastKnownFileType = audio.mp3; path = sfx_win.mp3; sourceTree = "<group>"; };
		DD000028DD000028DD000028 /* sfx_lose.mp3 */ = {isa = PBXFileReference; lastKnownFileType = audio.mp3; path = sfx_lose.mp3; sourceTree = "<group>"; };
/* End PBXFileReference section */

/* Begin PBXGroup section */
		4E0358D1CF93415E69EF3B65 = {
			isa = PBXGroup;
			children = (
				CE80AE5E1713C3117E8E3B17 /* ShitHead */,
				5E19290538776EFE1CDFC7CF /* ShitHeadTests */,
				F92244E22CFB9EE0306B3FF7 /* Products */,
			);
			sourceTree = "<group>";
		};
		5E19290538776EFE1CDFC7CF /* ShitHeadTests */ = {
			isa = PBXGroup;
			children = (
				3A4CEEAFD425E18CA103EBE5 /* ShitHeadTests.swift */,
				AA000006AA000006AA000006 /* CardTests.swift */,
				AA000015AA000015AA000015 /* RuleValidatorTests.swift */,
				AA000017AA000017AA000017 /* GameEngineTests.swift */,
				AA000029AA000029AA000029 /* AIPlayerTests.swift */,
			);
			path = ShitHeadTests;
			sourceTree = "<group>";
		};
		AA000007AA000007AA000007 /* Models */ = {
			isa = PBXGroup;
			children = (
				AA000002AA000002AA000002 /* Card.swift */,
				AA000004AA000004AA000004 /* GameState.swift */,
			);
			path = Models;
			sourceTree = "<group>";
		};
		AA000018AA000018AA000018 /* Engine */ = {
			isa = PBXGroup;
			children = (
				AA000011AA000011AA000011 /* RuleValidator.swift */,
				AA000013AA000013AA000013 /* GameEngine.swift */,
			);
			path = Engine;
			sourceTree = "<group>";
		};
		AA000030AA000030AA000030 /* AI */ = {
			isa = PBXGroup;
			children = (
				AA000021AA000021AA000021 /* PlayerProtocol.swift */,
				AA000023AA000023AA000023 /* EasyAIPlayer.swift */,
				AA000025AA000025AA000025 /* HardAIPlayer.swift */,
			);
			path = AI;
			sourceTree = "<group>";
		};
		AA000031AA000031AA000031 /* Persistence */ = {
			isa = PBXGroup;
			children = (
				AA000027AA000027AA000027 /* GamePersistence.swift */,
			);
			path = Persistence;
			sourceTree = "<group>";
		};
		AA000032AA000032AA000032 /* ViewModels */ = {
			isa = PBXGroup;
			children = (
				AA000041AA000041AA000041 /* GameViewModel.swift */,
			);
			path = ViewModels;
			sourceTree = "<group>";
		};
		AA000033AA000033AA000033 /* Views */ = {
			isa = PBXGroup;
			children = (
				AA000043AA000043AA000043 /* CardView.swift */,
				AA000045AA000045AA000045 /* HomeView.swift */,
				AA000047AA000047AA000047 /* SetupView.swift */,
				AA000049AA000049AA000049 /* GameView.swift */,
				AA000051AA000051AA000051 /* GameOverView.swift */,
				BB000061BB000061BB000061 /* DesignSystem.swift */,
				CC000031CC000031CC000031 /* InstructionsView.swift */,
				CC000033CC000033CC000033 /* SplashView.swift */,
				DD000005DD000005DD000005 /* SettingsView.swift */,
			);
			path = Views;
			sourceTree = "<group>";
		};
		DD000030DD000030DD000030 /* Audio */ = {
			isa = PBXGroup;
			children = (
				DD000001DD000001DD000001 /* SoundManager.swift */,
			);
			path = Audio;
			sourceTree = "<group>";
		};
		DD000031DD000031DD000031 /* Preferences */ = {
			isa = PBXGroup;
			children = (
				DD000003DD000003DD000003 /* UserPreferences.swift */,
			);
			path = Preferences;
			sourceTree = "<group>";
		};
		DD000032DD000032DD000032 /* Sounds */ = {
			isa = PBXGroup;
			children = (
				DD000010DD000010DD000010 /* bgm_ambient.mp3 */,
				DD000012DD000012DD000012 /* sfx_card_play.mp3 */,
				DD000014DD000014DD000014 /* sfx_card_flip.mp3 */,
				DD000016DD000016DD000016 /* sfx_card_pickup.mp3 */,
				DD000018DD000018DD000018 /* sfx_burn.mp3 */,
				DD000020DD000020DD000020 /* sfx_skip.mp3 */,
				DD000022DD000022DD000022 /* sfx_reversal.mp3 */,
				DD000024DD000024DD000024 /* sfx_shuffle.mp3 */,
				DD000026DD000026DD000026 /* sfx_win.mp3 */,
				DD000028DD000028DD000028 /* sfx_lose.mp3 */,
			);
			path = Sounds;
			sourceTree = "<group>";
		};
		BB000080BB000080BB000080 /* Resources */ = {
			isa = PBXGroup;
			children = (
				CC000011CC000011CC000011 /* ShipporiMincho-Bold.ttf */,
				CC000013CC000013CC000013 /* ShipporiMincho-ExtraBold.ttf */,
				CC000015CC000015CC000015 /* ZenKakuGothicNew-Regular.ttf */,
				CC000017CC000017CC000017 /* ZenKakuGothicNew-Bold.ttf */,
				CC000019CC000019CC000019 /* NotoSerifJP-Black.ttf */,
			);
			path = Resources;
			sourceTree = "<group>";
		};
		CE80AE5E1713C3117E8E3B17 /* ShitHead */ = {
			isa = PBXGroup;
			children = (
				7B866BB1A01F44B9C7CA81A1 /* Info.plist */,
				CC000035CC000035CC000035 /* PrivacyInfo.xcprivacy */,
				CC000037CC000037CC000037 /* SheetHead.entitlements */,
				9706A35B45813D7886770A54 /* ShitHeadApp.swift */,
				AA000007AA000007AA000007 /* Models */,
				AA000018AA000018AA000018 /* Engine */,
				AA000030AA000030AA000030 /* AI */,
				AA000031AA000031AA000031 /* Persistence */,
				AA000032AA000032AA000032 /* ViewModels */,
				AA000033AA000033AA000033 /* Views */,
				DD000030DD000030DD000030 /* Audio */,
				DD000031DD000031DD000031 /* Preferences */,
				BB000080BB000080BB000080 /* Resources */,
				DD000032DD000032DD000032 /* Sounds */,
				CC000002CC000002CC000002 /* Assets.xcassets */,
			);
			path = ShitHead;
			sourceTree = "<group>";
		};
		F92244E22CFB9EE0306B3FF7 /* Products */ = {
			isa = PBXGroup;
			children = (
				9D9378DCA61CC42A1E8B9D4A /* ShitHead.app */,
				D13D3E0C41EAA7F7C54D9E5A /* ShitHeadTests.xctest */,
			);
			name = Products;
			sourceTree = "<group>";
		};
/* End PBXGroup section */

/* Begin PBXNativeTarget section */
		C3BDA7A082F2854A44B4793F /* ShitHeadTests */ = {
			isa = PBXNativeTarget;
			buildConfigurationList = ED4D392B9AEDD657C1782604 /* Build configuration list for PBXNativeTarget "ShitHeadTests" */;
			buildPhases = (
				0C20930A7A5AF2D8E7D5AA07 /* Sources */,
			);
			buildRules = (
			);
			dependencies = (
				ED6D779DD1971A74DDBF0DA3 /* PBXTargetDependency */,
			);
			name = ShitHeadTests;
			productName = ShitHeadTests;
			productReference = D13D3E0C41EAA7F7C54D9E5A /* ShitHeadTests.xctest */;
			productType = "com.apple.product-type.bundle.unit-test";
		};
		E9B416FF01B81ECE8580F1A7 /* ShitHead */ = {
			isa = PBXNativeTarget;
			buildConfigurationList = 402BCAC6169804D72DBCA0B5 /* Build configuration list for PBXNativeTarget "ShitHead" */;
			buildPhases = (
				37500800FD6ED870653CBF90 /* Sources */,
				BB000090BB000090BB000090 /* Resources */,
			);
			buildRules = (
			);
			dependencies = (
			);
			name = ShitHead;
			productName = ShitHead;
			productReference = 9D9378DCA61CC42A1E8B9D4A /* ShitHead.app */;
			productType = "com.apple.product-type.application";
		};
/* End PBXNativeTarget section */

/* Begin PBXProject section */
		678C7DB806E86F28F0B2AFD0 /* Project object */ = {
			isa = PBXProject;
			attributes = {
				BuildIndependentTargetsInParallel = YES;
				LastUpgradeCheck = 1600;
			};
			buildConfigurationList = D2B1DC8C91F32DF13AC32446 /* Build configuration list for PBXProject "ShitHead" */;
			compatibilityVersion = "Xcode 14.0";
			developmentRegion = en;
			hasScannedForEncodings = 0;
			knownRegions = (
				Base,
				en,
			);
			mainGroup = 4E0358D1CF93415E69EF3B65;
			projectDirPath = "";
			projectRoot = "";
			targets = (
				E9B416FF01B81ECE8580F1A7 /* ShitHead */,
				C3BDA7A082F2854A44B4793F /* ShitHeadTests */,
			);
		};
/* End PBXProject section */

/* Begin PBXResourcesBuildPhase section */
		BB000090BB000090BB000090 /* Resources */ = {
			isa = PBXResourcesBuildPhase;
			buildActionMask = 2147483647;
			files = (
				CC000010CC000010CC000010 /* ShipporiMincho-Bold.ttf in Resources */,
				CC000012CC000012CC000012 /* ShipporiMincho-ExtraBold.ttf in Resources */,
				CC000014CC000014CC000014 /* ZenKakuGothicNew-Regular.ttf in Resources */,
				CC000016CC000016CC000016 /* ZenKakuGothicNew-Bold.ttf in Resources */,
				CC000018CC000018CC000018 /* NotoSerifJP-Black.ttf in Resources */,
				CC000001CC000001CC000001 /* Assets.xcassets in Resources */,
				CC000034CC000034CC000034 /* PrivacyInfo.xcprivacy in Resources */,
				DD000011DD000011DD000011 /* bgm_ambient.mp3 in Resources */,
				DD000013DD000013DD000013 /* sfx_card_play.mp3 in Resources */,
				DD000015DD000015DD000015 /* sfx_card_flip.mp3 in Resources */,
				DD000017DD000017DD000017 /* sfx_card_pickup.mp3 in Resources */,
				DD000019DD000019DD000019 /* sfx_burn.mp3 in Resources */,
				DD000021DD000021DD000021 /* sfx_skip.mp3 in Resources */,
				DD000023DD000023DD000023 /* sfx_reversal.mp3 in Resources */,
				DD000025DD000025DD000025 /* sfx_shuffle.mp3 in Resources */,
				DD000027DD000027DD000027 /* sfx_win.mp3 in Resources */,
				DD000029DD000029DD000029 /* sfx_lose.mp3 in Resources */,
			);
			runOnlyForDeploymentPostprocessing = 0;
		};
/* End PBXResourcesBuildPhase section */

/* Begin PBXSourcesBuildPhase section */
		0C20930A7A5AF2D8E7D5AA07 /* Sources */ = {
			isa = PBXSourcesBuildPhase;
			buildActionMask = 2147483647;
			files = (
				1A44DE0842FF4231B781AB4D /* ShitHeadTests.swift in Sources */,
				AA000005AA000005AA000005 /* CardTests.swift in Sources */,
				AA000014AA000014AA000014 /* RuleValidatorTests.swift in Sources */,
				AA000016AA000016AA000016 /* GameEngineTests.swift in Sources */,
				AA000028AA000028AA000028 /* AIPlayerTests.swift in Sources */,
			);
			runOnlyForDeploymentPostprocessing = 0;
		};
		37500800FD6ED870653CBF90 /* Sources */ = {
			isa = PBXSourcesBuildPhase;
			buildActionMask = 2147483647;
			files = (
				1A4ECFD93C3FEA55B967E8A6 /* ShitHeadApp.swift in Sources */,
				AA000001AA000001AA000001 /* Card.swift in Sources */,
				AA000003AA000003AA000003 /* GameState.swift in Sources */,
				AA000010AA000010AA000010 /* RuleValidator.swift in Sources */,
				AA000012AA000012AA000012 /* GameEngine.swift in Sources */,
				AA000020AA000020AA000020 /* PlayerProtocol.swift in Sources */,
				AA000022AA000022AA000022 /* EasyAIPlayer.swift in Sources */,
				AA000024AA000024AA000024 /* HardAIPlayer.swift in Sources */,
				AA000026AA000026AA000026 /* GamePersistence.swift in Sources */,
				AA000040AA000040AA000040 /* GameViewModel.swift in Sources */,
				AA000042AA000042AA000042 /* CardView.swift in Sources */,
				AA000044AA000044AA000044 /* HomeView.swift in Sources */,
				AA000046AA000046AA000046 /* SetupView.swift in Sources */,
				AA000048AA000048AA000048 /* GameView.swift in Sources */,
				AA000050AA000050AA000050 /* GameOverView.swift in Sources */,
				BB000060BB000060BB000060 /* DesignSystem.swift in Sources */,
				CC000030CC000030CC000030 /* InstructionsView.swift in Sources */,
				CC000032CC000032CC000032 /* SplashView.swift in Sources */,
				DD000002DD000002DD000002 /* SoundManager.swift in Sources */,
				DD000004DD000004DD000004 /* UserPreferences.swift in Sources */,
				DD000006DD000006DD000006 /* SettingsView.swift in Sources */,
			);
			runOnlyForDeploymentPostprocessing = 0;
		};
/* End PBXSourcesBuildPhase section */

/* Begin PBXTargetDependency section */
		ED6D779DD1971A74DDBF0DA3 /* PBXTargetDependency */ = {
			isa = PBXTargetDependency;
			target = E9B416FF01B81ECE8580F1A7 /* ShitHead */;
			targetProxy = 01895246B1CC30A90CAFBF65 /* PBXContainerItemProxy */;
		};
/* End PBXTargetDependency section */

/* Begin XCBuildConfiguration section */
		19FEF6BD82B5C24F05970950 /* Release */ = {
			isa = XCBuildConfiguration;
			buildSettings = {
				ALWAYS_SEARCH_USER_PATHS = NO;
				CLANG_ANALYZER_NONNULL = YES;
				CLANG_ANALYZER_NUMBER_OBJECT_CONVERSION = YES_AGGRESSIVE;
				CLANG_CXX_LANGUAGE_STANDARD = "gnu++14";
				CLANG_CXX_LIBRARY = "libc++";
				CLANG_ENABLE_MODULES = YES;
				CLANG_ENABLE_OBJC_ARC = YES;
				CLANG_ENABLE_OBJC_WEAK = YES;
				CLANG_WARN_BLOCK_CAPTURE_AUTORELEASING = YES;
				CLANG_WARN_BOOL_CONVERSION = YES;
				CLANG_WARN_COMMA = YES;
				CLANG_WARN_CONSTANT_CONVERSION = YES;
				CLANG_WARN_DEPRECATED_OBJC_IMPLEMENTATIONS = YES;
				CLANG_WARN_DIRECT_OBJC_ISA_USAGE = YES_ERROR;
				CLANG_WARN_DOCUMENTATION_COMMENTS = YES;
				CLANG_WARN_EMPTY_BODY = YES;
				CLANG_WARN_ENUM_CONVERSION = YES;
				CLANG_WARN_INFINITE_RECURSION = YES;
				CLANG_WARN_INT_CONVERSION = YES;
				CLANG_WARN_NON_LITERAL_NULL_CONVERSION = YES;
				CLANG_WARN_OBJC_IMPLICIT_RETAIN_SELF = YES;
				CLANG_WARN_OBJC_LITERAL_CONVERSION = YES;
				CLANG_WARN_OBJC_ROOT_CLASS = YES_ERROR;
				CLANG_WARN_QUOTED_INCLUDE_IN_FRAMEWORK_HEADER = YES;
				CLANG_WARN_RANGE_LOOP_ANALYSIS = YES;
				CLANG_WARN_STRICT_PROTOTYPES = YES;
				CLANG_WARN_SUSPICIOUS_MOVE = YES;
				CLANG_WARN_UNGUARDED_AVAILABILITY = YES_AGGRESSIVE;
				CLANG_WARN_UNREACHABLE_CODE = YES;
				CLANG_WARN__DUPLICATE_METHOD_MATCH = YES;
				COPY_PHASE_STRIP = NO;
				CURRENT_PROJECT_VERSION = 1;
				DEBUG_INFORMATION_FORMAT = "dwarf-with-dsym";
				ENABLE_NS_ASSERTIONS = NO;
				ENABLE_STRICT_OBJC_MSGSEND = YES;
				GCC_C_LANGUAGE_STANDARD = gnu11;
				GCC_NO_COMMON_BLOCKS = YES;
				GCC_WARN_64_TO_32_BIT_CONVERSION = YES;
				GCC_WARN_ABOUT_RETURN_TYPE = YES_ERROR;
				GCC_WARN_UNDECLARED_SELECTOR = YES;
				GCC_WARN_UNINITIALIZED_AUTOS = YES_AGGRESSIVE;
				GCC_WARN_UNUSED_FUNCTION = YES;
				GCC_WARN_UNUSED_VARIABLE = YES;
				IPHONEOS_DEPLOYMENT_TARGET = 17.0;
				MARKETING_VERSION = 1.0;
				MTL_ENABLE_DEBUG_INFO = NO;
				MTL_FAST_MATH = YES;
				PRODUCT_NAME = "$(TARGET_NAME)";
				SDKROOT = iphoneos;
				SWIFT_COMPILATION_MODE = wholemodule;
				SWIFT_OPTIMIZATION_LEVEL = "-O";
				SWIFT_VERSION = 5.9;
			};
			name = Release;
		};
		555CF74DBD6EC8EB656F85FA /* Debug */ = {
			isa = XCBuildConfiguration;
			buildSettings = {
				ASSETCATALOG_COMPILER_APPICON_NAME = AppIcon;
				CODE_SIGN_IDENTITY = "iPhone Distribution";
				CODE_SIGN_STYLE = Automatic;
				DEVELOPMENT_TEAM = DA2PC56WS5;
				CODE_SIGN_ENTITLEMENTS = ShitHead/SheetHead.entitlements;
				INFOPLIST_FILE = ShitHead/Info.plist;
				LD_RUNPATH_SEARCH_PATHS = (
					"$(inherited)",
					"@executable_path/Frameworks",
				);
				PRODUCT_BUNDLE_IDENTIFIER = com.idancoh.sheethead;
				SDKROOT = iphoneos;
				TARGETED_DEVICE_FAMILY = "1,2";
			};
			name = Debug;
		};
		85256391D7808E85763F43AE /* Debug */ = {
			isa = XCBuildConfiguration;
			buildSettings = {
				ALWAYS_SEARCH_USER_PATHS = NO;
				CLANG_ANALYZER_NONNULL = YES;
				CLANG_ANALYZER_NUMBER_OBJECT_CONVERSION = YES_AGGRESSIVE;
				CLANG_CXX_LANGUAGE_STANDARD = "gnu++14";
				CLANG_CXX_LIBRARY = "libc++";
				CLANG_ENABLE_MODULES = YES;
				CLANG_ENABLE_OBJC_ARC = YES;
				CLANG_ENABLE_OBJC_WEAK = YES;
				CLANG_WARN_BLOCK_CAPTURE_AUTORELEASING = YES;
				CLANG_WARN_BOOL_CONVERSION = YES;
				CLANG_WARN_COMMA = YES;
				CLANG_WARN_CONSTANT_CONVERSION = YES;
				CLANG_WARN_DEPRECATED_OBJC_IMPLEMENTATIONS = YES;
				CLANG_WARN_DIRECT_OBJC_ISA_USAGE = YES_ERROR;
				CLANG_WARN_DOCUMENTATION_COMMENTS = YES;
				CLANG_WARN_EMPTY_BODY = YES;
				CLANG_WARN_ENUM_CONVERSION = YES;
				CLANG_WARN_INFINITE_RECURSION = YES;
				CLANG_WARN_INT_CONVERSION = YES;
				CLANG_WARN_NON_LITERAL_NULL_CONVERSION = YES;
				CLANG_WARN_OBJC_IMPLICIT_RETAIN_SELF = YES;
				CLANG_WARN_OBJC_LITERAL_CONVERSION = YES;
				CLANG_WARN_OBJC_ROOT_CLASS = YES_ERROR;
				CLANG_WARN_QUOTED_INCLUDE_IN_FRAMEWORK_HEADER = YES;
				CLANG_WARN_RANGE_LOOP_ANALYSIS = YES;
				CLANG_WARN_STRICT_PROTOTYPES = YES;
				CLANG_WARN_SUSPICIOUS_MOVE = YES;
				CLANG_WARN_UNGUARDED_AVAILABILITY = YES_AGGRESSIVE;
				CLANG_WARN_UNREACHABLE_CODE = YES;
				CLANG_WARN__DUPLICATE_METHOD_MATCH = YES;
				COPY_PHASE_STRIP = NO;
				CURRENT_PROJECT_VERSION = 1;
				DEBUG_INFORMATION_FORMAT = dwarf;
				ENABLE_STRICT_OBJC_MSGSEND = YES;
				ENABLE_TESTABILITY = YES;
				GCC_C_LANGUAGE_STANDARD = gnu11;
				GCC_DYNAMIC_NO_PIC = NO;
				GCC_NO_COMMON_BLOCKS = YES;
				GCC_OPTIMIZATION_LEVEL = 0;
				GCC_PREPROCESSOR_DEFINITIONS = (
					"$(inherited)",
					"DEBUG=1",
				);
				GCC_WARN_64_TO_32_BIT_CONVERSION = YES;
				GCC_WARN_ABOUT_RETURN_TYPE = YES_ERROR;
				GCC_WARN_UNDECLARED_SELECTOR = YES;
				GCC_WARN_UNINITIALIZED_AUTOS = YES_AGGRESSIVE;
				GCC_WARN_UNUSED_FUNCTION = YES;
				GCC_WARN_UNUSED_VARIABLE = YES;
				IPHONEOS_DEPLOYMENT_TARGET = 17.0;
				MARKETING_VERSION = 1.0;
				MTL_ENABLE_DEBUG_INFO = INCLUDE_SOURCE;
				MTL_FAST_MATH = YES;
				ONLY_ACTIVE_ARCH = YES;
				PRODUCT_NAME = "$(TARGET_NAME)";
				SDKROOT = iphoneos;
				SWIFT_ACTIVE_COMPILATION_CONDITIONS = DEBUG;
				SWIFT_OPTIMIZATION_LEVEL = "-Onone";
				SWIFT_VERSION = 5.9;
			};
			name = Debug;
		};
		8C73EC6899A9D69CAEDF91D6 /* Debug */ = {
			isa = XCBuildConfiguration;
			buildSettings = {
				BUNDLE_LOADER = "$(TEST_HOST)";
				GENERATE_INFOPLIST_FILE = YES;
				LD_RUNPATH_SEARCH_PATHS = (
					"$(inherited)",
					"@executable_path/Frameworks",
					"@loader_path/Frameworks",
				);
				PRODUCT_BUNDLE_IDENTIFIER = com.idancoh.sheethead.tests;
				SDKROOT = iphoneos;
				TARGETED_DEVICE_FAMILY = "1,2";
				TEST_HOST = "$(BUILT_PRODUCTS_DIR)/ShitHead.app/ShitHead";
			};
			name = Debug;
		};
		990A102E6C13CA1B52239837 /* Release */ = {
			isa = XCBuildConfiguration;
			buildSettings = {
				BUNDLE_LOADER = "$(TEST_HOST)";
				GENERATE_INFOPLIST_FILE = YES;
				LD_RUNPATH_SEARCH_PATHS = (
					"$(inherited)",
					"@executable_path/Frameworks",
					"@loader_path/Frameworks",
				);
				PRODUCT_BUNDLE_IDENTIFIER = com.idancoh.sheethead.tests;
				SDKROOT = iphoneos;
				TARGETED_DEVICE_FAMILY = "1,2";
				TEST_HOST = "$(BUILT_PRODUCTS_DIR)/ShitHead.app/ShitHead";
			};
			name = Release;
		};
		E4CEAA843E97D6D25100A90D /* Release */ = {
			isa = XCBuildConfiguration;
			buildSettings = {
				ASSETCATALOG_COMPILER_APPICON_NAME = AppIcon;
				CODE_SIGN_IDENTITY = "iPhone Distribution";
				CODE_SIGN_STYLE = Automatic;
				DEVELOPMENT_TEAM = DA2PC56WS5;
				CODE_SIGN_ENTITLEMENTS = ShitHead/SheetHead.entitlements;
				INFOPLIST_FILE = ShitHead/Info.plist;
				LD_RUNPATH_SEARCH_PATHS = (
					"$(inherited)",
					"@executable_path/Frameworks",
				);
				PRODUCT_BUNDLE_IDENTIFIER = com.idancoh.sheethead;
				SDKROOT = iphoneos;
				TARGETED_DEVICE_FAMILY = "1,2";
			};
			name = Release;
		};
/* End XCBuildConfiguration section */

/* Begin XCConfigurationList section */
		402BCAC6169804D72DBCA0B5 /* Build configuration list for PBXNativeTarget "ShitHead" */ = {
			isa = XCConfigurationList;
			buildConfigurations = (
				555CF74DBD6EC8EB656F85FA /* Debug */,
				E4CEAA843E97D6D25100A90D /* Release */,
			);
			defaultConfigurationIsVisible = 0;
			defaultConfigurationName = Debug;
		};
		D2B1DC8C91F32DF13AC32446 /* Build configuration list for PBXProject "ShitHead" */ = {
			isa = XCConfigurationList;
			buildConfigurations = (
				85256391D7808E85763F43AE /* Debug */,
				19FEF6BD82B5C24F05970950 /* Release */,
			);
			defaultConfigurationIsVisible = 0;
			defaultConfigurationName = Debug;
		};
		ED4D392B9AEDD657C1782604 /* Build configuration list for PBXNativeTarget "ShitHeadTests" */ = {
			isa = XCConfigurationList;
			buildConfigurations = (
				8C73EC6899A9D69CAEDF91D6 /* Debug */,
				990A102E6C13CA1B52239837 /* Release */,
			);
			defaultConfigurationIsVisible = 0;
			defaultConfigurationName = Debug;
		};
/* End XCConfigurationList section */
	};
	rootObject = 678C7DB806E86F28F0B2AFD0 /* Project object */;
}
