// !$*UTF8*$!
{
	archiveVersion = 1;
	classes = {
	};
	objectVersion = 54;
	objects = {

/* Begin PBXBuildFile section */
		1A44DE0842FF4231B781AB4D /* ShitHeadTests.swift in Sources */ = {isa = PBXBuildFile; fileRef = 3A4CEEAFD425E18CA103EBE5 /* ShitHeadTests.swift */; };
		1A4ECFD93C3FEA55B967E8A6 /* ShitHeadApp.swift in Sources */ = {isa = PBXBuildFile; fileRef = 9706A35B45813D7886770A54 /* ShitHeadApp.swift */; };
/* End PBXBuildFile section */

/* Begin PBXContainerItemProxy section */
		01895246B1CC30A90CAFBF65 /* PBXContainerItemProxy */ = {
			isa = PBXContainerItemProxy;
			containerPortal = 678C7DB806E86F28F0B2AFD0 /* Project object */;
			proxyType = 1;
			remoteGlobalIDString = E9B416FF01B81ECE8580F1A7;
			remoteInfo = ShitHead;
		};
/* End PBXContainerItemProxy section */

/* Begin PBXFileReference section */
		3A4CEEAFD425E18CA103EBE5 /* ShitHeadTests.swift */ = {isa = PBXFileReference; lastKnownFileType = sourcecode.swift; path = ShitHeadTests.swift; sourceTree = "<group>"; };
		7B866BB1A01F44B9C7CA81A1 /* Info.plist */ = {isa = PBXFileReference; lastKnownFileType = text.plist; path = Info.plist; sourceTree = "<group>"; };
		9706A35B45813D7886770A54 /* ShitHeadApp.swift */ = {isa = PBXFileReference; lastKnownFileType = sourcecode.swift; path = ShitHeadApp.swift; sourceTree = "<group>"; };
		9D9378DCA61CC42A1E8B9D4A /* ShitHead.app */ = {isa = PBXFileReference; includeInIndex = 0; lastKnownFileType = wrapper.application; path = ShitHead.app; sourceTree = BUILT_PRODUCTS_DIR; };
		D13D3E0C41EAA7F7C54D9E5A /* ShitHeadTests.xctest */ = {isa = PBXFileReference; includeInIndex = 0; lastKnownFileType = wrapper.cfbundle; path = ShitHeadTests.xctest; sourceTree = BUILT_PRODUCTS_DIR; };
/* End PBXFileReference section */

/* Begin PBXGroup section */
		4E0358D1CF93415E69EF3B65 = {
			isa = PBXGroup;
			children = (
				CE80AE5E1713C3117E8E3B17 /* ShitHead */,
				5E19290538776EFE1CDFC7CF /* ShitHeadTests */,
				F92244E22CFB9EE0306B3FF7 /* Products */,
			);
			sourceTree = "<group>";
		};
		5E19290538776EFE1CDFC7CF /* ShitHeadTests */ = {
			isa = PBXGroup;
			children = (
				3A4CEEAFD425E18CA103EBE5 /* ShitHeadTests.swift */,
			);
			path = ShitHeadTests;
			sourceTree = "<group>";
		};
		CE80AE5E1713C3117E8E3B17 /* ShitHead */ = {
			isa = PBXGroup;
			children = (
				7B866BB1A01F44B9C7CA81A1 /* Info.plist */,
				9706A35B45813D7886770A54 /* ShitHeadApp.swift */,
			);
			path = ShitHead;
			sourceTree = "<group>";
		};
		F92244E22CFB9EE0306B3FF7 /* Products */ = {
			isa = PBXGroup;
			children = (
				9D9378DCA61CC42A1E8B9D4A /* ShitHead.app */,
				D13D3E0C41EAA7F7C54D9E5A /* ShitHeadTests.xctest */,
			);
			name = Products;
			sourceTree = "<group>";
		};
/* End PBXGroup section */

/* Begin PBXNativeTarget section */
		C3BDA7A082F2854A44B4793F /* ShitHeadTests */ = {
			isa = PBXNativeTarget;
			buildConfigurationList = ED4D392B9AEDD657C1782604 /* Build configuration list for PBXNativeTarget "ShitHeadTests" */;
			buildPhases = (
				0C20930A7A5AF2D8E7D5AA07 /* Sources */,
			);
			buildRules = (
			);
			dependencies = (
				ED6D779DD1971A74DDBF0DA3 /* PBXTargetDependency */,
			);
			name = ShitHeadTests;
			productName = ShitHeadTests;
			productReference = D13D3E0C41EAA7F7C54D9E5A /* ShitHeadTests.xctest */;
			productType = "com.apple.product-type.bundle.unit-test";
		};
		E9B416FF01B81ECE8580F1A7 /* ShitHead */ = {
			isa = PBXNativeTarget;
			buildConfigurationList = 402BCAC6169804D72DBCA0B5 /* Build configuration list for PBXNativeTarget "ShitHead" */;
			buildPhases = (
				37500800FD6ED870653CBF90 /* Sources */,
			);
			buildRules = (
			);
			dependencies = (
			);
			name = ShitHead;
			productName = ShitHead;
			productReference = 9D9378DCA61CC42A1E8B9D4A /* ShitHead.app */;
			productType = "com.apple.product-type.application";
		};
/* End PBXNativeTarget section */

/* Begin PBXProject section */
		678C7DB806E86F28F0B2AFD0 /* Project object */ = {
			isa = PBXProject;
			attributes = {
				BuildIndependentTargetsInParallel = YES;
				LastUpgradeCheck = 1600;
				TargetAttributes = {
				};
			};
			buildConfigurationList = D2B1DC8C91F32DF13AC32446 /* Build configuration list for PBXProject "ShitHead" */;
			compatibilityVersion = "Xcode 14.0";
			developmentRegion = en;
			hasScannedForEncodings = 0;
			knownRegions = (
				Base,
				en,
			);
			mainGroup = 4E0358D1CF93415E69EF3B65;
			projectDirPath = "";
			projectRoot = "";
			targets = (
				E9B416FF01B81ECE8580F1A7 /* ShitHead */,
				C3BDA7A082F2854A44B4793F /* ShitHeadTests */,
			);
		};
/* End PBXProject section */

/* Begin PBXSourcesBuildPhase section */
		0C20930A7A5AF2D8E7D5AA07 /* Sources */ = {
			isa = PBXSourcesBuildPhase;
			buildActionMask = 2147483647;
			files = (
				1A44DE0842FF4231B781AB4D /* ShitHeadTests.swift in Sources */,
			);
			runOnlyForDeploymentPostprocessing = 0;
		};
		37500800FD6ED870653CBF90 /* Sources */ = {
			isa = PBXSourcesBuildPhase;
			buildActionMask = 2147483647;
			files = (
				1A4ECFD93C3FEA55B967E8A6 /* ShitHeadApp.swift in Sources */,
			);
			runOnlyForDeploymentPostprocessing = 0;
		};
/* End PBXSourcesBuildPhase section */

/* Begin PBXTargetDependency section */
		ED6D779DD1971A74DDBF0DA3 /* PBXTargetDependency */ = {
			isa = PBXTargetDependency;
			target = E9B416FF01B81ECE8580F1A7 /* ShitHead */;
			targetProxy = 01895246B1CC30A90CAFBF65 /* PBXContainerItemProxy */;
		};
/* End PBXTargetDependency section */

/* Begin XCBuildConfiguration section */
		19FEF6BD82B5C24F05970950 /* Release */ = {
			isa = XCBuildConfiguration;
			buildSettings = {
				ALWAYS_SEARCH_USER_PATHS = NO;
				CLANG_ANALYZER_NONNULL = YES;
				CLANG_ANALYZER_NUMBER_OBJECT_CONVERSION = YES_AGGRESSIVE;
				CLANG_CXX_LANGUAGE_STANDARD = "gnu++14";
				CLANG_CXX_LIBRARY = "libc++";
				CLANG_ENABLE_MODULES = YES;
				CLANG_ENABLE_OBJC_ARC = YES;
				CLANG_ENABLE_OBJC_WEAK = YES;
				CLANG_WARN_BLOCK_CAPTURE_AUTORELEASING = YES;
				CLANG_WARN_BOOL_CONVERSION = YES;
				CLANG_WARN_COMMA = YES;
				CLANG_WARN_CONSTANT_CONVERSION = YES;
				CLANG_WARN_DEPRECATED_OBJC_IMPLEMENTATIONS = YES;
				CLANG_WARN_DIRECT_OBJC_ISA_USAGE = YES_ERROR;
				CLANG_WARN_DOCUMENTATION_COMMENTS = YES;
				CLANG_WARN_EMPTY_BODY = YES;
				CLANG_WARN_ENUM_CONVERSION = YES;
				CLANG_WARN_INFINITE_RECURSION = YES;
				CLANG_WARN_INT_CONVERSION = YES;
				CLANG_WARN_NON_LITERAL_NULL_CONVERSION = YES;
				CLANG_WARN_OBJC_IMPLICIT_RETAIN_SELF = YES;
				CLANG_WARN_OBJC_LITERAL_CONVERSION = YES;
				CLANG_WARN_OBJC_ROOT_CLASS = YES_ERROR;
				CLANG_WARN_QUOTED_INCLUDE_IN_FRAMEWORK_HEADER = YES;
				CLANG_WARN_RANGE_LOOP_ANALYSIS = YES;
				CLANG_WARN_STRICT_PROTOTYPES = YES;
				CLANG_WARN_SUSPICIOUS_MOVE = YES;
				CLANG_WARN_UNGUARDED_AVAILABILITY = YES_AGGRESSIVE;
				CLANG_WARN_UNREACHABLE_CODE = YES;
				CLANG_WARN__DUPLICATE_METHOD_MATCH = YES;
				COPY_PHASE_STRIP = NO;
				CURRENT_PROJECT_VERSION = 1;
				DEBUG_INFORMATION_FORMAT = "dwarf-with-dsym";
				ENABLE_NS_ASSERTIONS = NO;
				ENABLE_STRICT_OBJC_MSGSEND = YES;
				GCC_C_LANGUAGE_STANDARD = gnu11;
				GCC_NO_COMMON_BLOCKS = YES;
				GCC_WARN_64_TO_32_BIT_CONVERSION = YES;
				GCC_WARN_ABOUT_RETURN_TYPE = YES_ERROR;
				GCC_WARN_UNDECLARED_SELECTOR = YES;
				GCC_WARN_UNINITIALIZED_AUTOS = YES_AGGRESSIVE;
				GCC_WARN_UNUSED_FUNCTION = YES;
				GCC_WARN_UNUSED_VARIABLE = YES;
				IPHONEOS_DEPLOYMENT_TARGET = 17.0;
				MARKETING_VERSION = 1.0;
				MTL_ENABLE_DEBUG_INFO = NO;
				MTL_FAST_MATH = YES;
				PRODUCT_NAME = "$(TARGET_NAME)";
				SDKROOT = iphoneos;
				SWIFT_COMPILATION_MODE = wholemodule;
				SWIFT_OPTIMIZATION_LEVEL = "-O";
				SWIFT_VERSION = 5.9;
			};
			name = Release;
		};
		555CF74DBD6EC8EB656F85FA /* Debug */ = {
			isa = XCBuildConfiguration;
			buildSettings = {
				ASSETCATALOG_COMPILER_APPICON_NAME = AppIcon;
				CODE_SIGN_IDENTITY = "iPhone Developer";
				INFOPLIST_FILE = ShitHead/Info.plist;
				LD_RUNPATH_SEARCH_PATHS = (
					"$(inherited)",
					"@executable_path/Frameworks",
				);
				PRODUCT_BUNDLE_IDENTIFIER = com.idancoh.shithead;
				SDKROOT = iphoneos;
				TARGETED_DEVICE_FAMILY = "1,2";
			};
			name = Debug;
		};
		85256391D7808E85763F43AE /* Debug */ = {
			isa = XCBuildConfiguration;
			buildSettings = {
				ALWAYS_SEARCH_USER_PATHS = NO;
				CLANG_ANALYZER_NONNULL = YES;
				CLANG_ANALYZER_NUMBER_OBJECT_CONVERSION = YES_AGGRESSIVE;
				CLANG_CXX_LANGUAGE_STANDARD = "gnu++14";
				CLANG_CXX_LIBRARY = "libc++";
				CLANG_ENABLE_MODULES = YES;
				CLANG_ENABLE_OBJC_ARC = YES;
				CLANG_ENABLE_OBJC_WEAK = YES;
				CLANG_WARN_BLOCK_CAPTURE_AUTORELEASING = YES;
				CLANG_WARN_BOOL_CONVERSION = YES;
				CLANG_WARN_COMMA = YES;
				CLANG_WARN_CONSTANT_CONVERSION = YES;
				CLANG_WARN_DEPRECATED_OBJC_IMPLEMENTATIONS = YES;
				CLANG_WARN_DIRECT_OBJC_ISA_USAGE = YES_ERROR;
				CLANG_WARN_DOCUMENTATION_COMMENTS = YES;
				CLANG_WARN_EMPTY_BODY = YES;
				CLANG_WARN_ENUM_CONVERSION = YES;
				CLANG_WARN_INFINITE_RECURSION = YES;
				CLANG_WARN_INT_CONVERSION = YES;
				CLANG_WARN_NON_LITERAL_NULL_CONVERSION = YES;
				CLANG_WARN_OBJC_IMPLICIT_RETAIN_SELF = YES;
				CLANG_WARN_OBJC_LITERAL_CONVERSION = YES;
				CLANG_WARN_OBJC_ROOT_CLASS = YES_ERROR;
				CLANG_WARN_QUOTED_INCLUDE_IN_FRAMEWORK_HEADER = YES;
				CLANG_WARN_RANGE_LOOP_ANALYSIS = YES;
				CLANG_WARN_STRICT_PROTOTYPES = YES;
				CLANG_WARN_SUSPICIOUS_MOVE = YES;
				CLANG_WARN_UNGUARDED_AVAILABILITY = YES_AGGRESSIVE;
				CLANG_WARN_UNREACHABLE_CODE = YES;
				CLANG_WARN__DUPLICATE_METHOD_MATCH = YES;
				COPY_PHASE_STRIP = NO;
				CURRENT_PROJECT_VERSION = 1;
				DEBUG_INFORMATION_FORMAT = dwarf;
				ENABLE_STRICT_OBJC_MSGSEND = YES;
				ENABLE_TESTABILITY = YES;
				GCC_C_LANGUAGE_STANDARD = gnu11;
				GCC_DYNAMIC_NO_PIC = NO;
				GCC_NO_COMMON_BLOCKS = YES;
				GCC_OPTIMIZATION_LEVEL = 0;
				GCC_PREPROCESSOR_DEFINITIONS = (
					"$(inherited)",
					"DEBUG=1",
				);
				GCC_WARN_64_TO_32_BIT_CONVERSION = YES;
				GCC_WARN_ABOUT_RETURN_TYPE = YES_ERROR;
				GCC_WARN_UNDECLARED_SELECTOR = YES;
				GCC_WARN_UNINITIALIZED_AUTOS = YES_AGGRESSIVE;
				GCC_WARN_UNUSED_FUNCTION = YES;
				GCC_WARN_UNUSED_VARIABLE = YES;
				IPHONEOS_DEPLOYMENT_TARGET = 17.0;
				MARKETING_VERSION = 1.0;
				MTL_ENABLE_DEBUG_INFO = INCLUDE_SOURCE;
				MTL_FAST_MATH = YES;
				ONLY_ACTIVE_ARCH = YES;
				PRODUCT_NAME = "$(TARGET_NAME)";
				SDKROOT = iphoneos;
				SWIFT_ACTIVE_COMPILATION_CONDITIONS = DEBUG;
				SWIFT_OPTIMIZATION_LEVEL = "-Onone";
				SWIFT_VERSION = 5.9;
			};
			name = Debug;
		};
		8C73EC6899A9D69CAEDF91D6 /* Debug */ = {
			isa = XCBuildConfiguration;
			buildSettings = {
				BUNDLE_LOADER = "$(TEST_HOST)";
				LD_RUNPATH_SEARCH_PATHS = (
					"$(inherited)",
					"@executable_path/Frameworks",
					"@loader_path/Frameworks",
				);
				PRODUCT_BUNDLE_IDENTIFIER = com.idancoh.shithead.tests;
				SDKROOT = iphoneos;
				TARGETED_DEVICE_FAMILY = "1,2";
				TEST_HOST = "$(BUILT_PRODUCTS_DIR)/ShitHead.app/ShitHead";
			};
			name = Debug;
		};
		990A102E6C13CA1B52239837 /* Release */ = {
			isa = XCBuildConfiguration;
			buildSettings = {
				BUNDLE_LOADER = "$(TEST_HOST)";
				LD_RUNPATH_SEARCH_PATHS = (
					"$(inherited)",
					"@executable_path/Frameworks",
					"@loader_path/Frameworks",
				);
				PRODUCT_BUNDLE_IDENTIFIER = com.idancoh.shithead.tests;
				SDKROOT = iphoneos;
				TARGETED_DEVICE_FAMILY = "1,2";
				TEST_HOST = "$(BUILT_PRODUCTS_DIR)/ShitHead.app/ShitHead";
			};
			name = Release;
		};
		E4CEAA843E97D6D25100A90D /* Release */ = {
			isa = XCBuildConfiguration;
			buildSettings = {
				ASSETCATALOG_COMPILER_APPICON_NAME = AppIcon;
				CODE_SIGN_IDENTITY = "iPhone Developer";
				INFOPLIST_FILE = ShitHead/Info.plist;
				LD_RUNPATH_SEARCH_PATHS = (
					"$(inherited)",
					"@executable_path/Frameworks",
				);
				PRODUCT_BUNDLE_IDENTIFIER = com.idancoh.shithead;
				SDKROOT = iphoneos;
				TARGETED_DEVICE_FAMILY = "1,2";
			};
			name = Release;
		};
/* End XCBuildConfiguration section */

/* Begin XCConfigurationList section */
		402BCAC6169804D72DBCA0B5 /* Build configuration list for PBXNativeTarget "ShitHead" */ = {
			isa = XCConfigurationList;
			buildConfigurations = (
				555CF74DBD6EC8EB656F85FA /* Debug */,
				E4CEAA843E97D6D25100A90D /* Release */,
			);
			defaultConfigurationIsVisible = 0;
			defaultConfigurationName = Debug;
		};
		D2B1DC8C91F32DF13AC32446 /* Build configuration list for PBXProject "ShitHead" */ = {
			isa = XCConfigurationList;
			buildConfigurations = (
				85256391D7808E85763F43AE /* Debug */,
				19FEF6BD82B5C24F05970950 /* Release */,
			);
			defaultConfigurationIsVisible = 0;
			defaultConfigurationName = Debug;
		};
		ED4D392B9AEDD657C1782604 /* Build configuration list for PBXNativeTarget "ShitHeadTests" */ = {
			isa = XCConfigurationList;
			buildConfigurations = (
				8C73EC6899A9D69CAEDF91D6 /* Debug */,
				990A102E6C13CA1B52239837 /* Release */,
			);
			defaultConfigurationIsVisible = 0;
			defaultConfigurationName = Debug;
		};
/* End XCConfigurationList section */
	};
	rootObject = 678C7DB806E86F28F0B2AFD0 /* Project object */;
}
